
Microsoft Visual Studio Solution File, Format Version 12.00
# Visual Studio Version 17
VisualStudioVersion = 17.5.002.0
MinimumVisualStudioVersion = 10.0.40219.1
Project("{2150E333-8FDC-42A3-9474-1A3956D46DE8}") = "prepare", "prepare", "{A6906656-94D9-4015-A66C-D860C8DF35DE}"
EndProject
Project("{9A19103F-16F7-4668-BE54-9A1E7A4F7556}") = "Learning02", "prepare\Learning02\Learning02.csproj", "{27C2A4E1-B180-4E9C-83BA-6737A2533F18}"
EndProject
Project("{9A19103F-16F7-4668-BE54-9A1E7A4F7556}") = "Learning05", "prepare\Learning05\Learning05.csproj", "{BBC58E0A-5AD5-42F8-BAAA-A7945D05B59D}"
EndProject
Project("{9A19103F-16F7-4668-BE54-9A1E7A4F7556}") = "Learning04", "prepare\Learning04\Learning04.csproj", "{2DA67D4E-DDB5-456A-8B30-85AAE32A5F1A}"
EndProject
Project("{9A19103F-16F7-4668-BE54-9A1E7A4F7556}") = "Learning03", "prepare\Learning03\Learning03.csproj", "{D7C2EF08-6001-4E12-864D-589F1F00FD87}"
EndProject
Project("{2150E333-8FDC-42A3-9474-1A3956D46DE8}") = "prove", "prove", "{1CB599DF-E070-42F3-8F61-31E3FF1D0D3C}"
EndProject
Project("{9A19103F-16F7-4668-BE54-9A1E7A4F7556}") = "Develop03", "prove\Develop03\Develop03.csproj", "{0C5D177F-EA30-4C21-831E-9E382102E01C}"
EndProject
Project("{9A19103F-16F7-4668-BE54-9A1E7A4F7556}") = "Develop04", "prove\Develop04\Develop04.csproj", "{1FA2DE29-556B-4A84-9A3C-167FD50F74C2}"
EndProject
Project("{9A19103F-16F7-4668-BE54-9A1E7A4F7556}") = "Develop05", "prove\Develop05\Develop05.csproj", "{83A7F0C4-3EF6-4452-BEF0-23D83FAD88B5}"
EndProject
Project("{9A19103F-16F7-4668-BE54-9A1E7A4F7556}") = "Develop02", "prove\Develop02\Develop02.csproj", "{452178BE-6615-4C08-83D6-6AF9DB4D8162}"
EndProject
Project("{2150E333-8FDC-42A3-9474-1A3956D46DE8}") = "sandbox", "sandbox", "{36A277E7-5904-4D30-B305-3CE9E646A83A}"
EndProject
Project("{9A19103F-16F7-4668-BE54-9A1E7A4F7556}") = "Sandbox", "sandbox\Sandbox\Sandbox.csproj", "{425E3781-CD39-41A5-AB06-079627015DD0}"
EndProject
Project("{2150E333-8FDC-42A3-9474-1A3956D46DE8}") = "final", "final", "{2998D04F-8BE6-4F91-83F5-66D473A6D9E5}"
EndProject
Project("{9A19103F-16F7-4668-BE54-9A1E7A4F7556}") = "FinalProject", "final\FinalProject\FinalProject.csproj", "{1221D6AA-87F8-4E70-A3F7-EC1EE79460E6}"
EndProject
Project("{9A19103F-16F7-4668-BE54-9A1E7A4F7556}") = "Foundation1", "final\Foundation1\Foundation1.csproj", "{87C3C440-33AD-4C4D-AA1C-EC6B98D55925}"
EndProject
Project("{9A19103F-16F7-4668-BE54-9A1E7A4F7556}") = "Foundation4", "final\Foundation4\Foundation4.csproj", "{7402258A-8DCC-4A06-A523-5494B4D262D6}"
EndProject
Project("{9A19103F-16F7-4668-BE54-9A1E7A4F7556}") = "Foundation3", "final\Foundation3\Foundation3.csproj", "{BEE2193D-9FFF-4129-B79F-6F52473411F6}"
EndProject
Project("{9A19103F-16F7-4668-BE54-9A1E7A4F7556}") = "Foundation2", "final\Foundation2\Foundation2.csproj", "{8D7189E4-E81C-455B-8EE8-1A1FE680B186}"
EndProject
Project("{2150E333-8FDC-42A3-9474-1A3956D46DE8}") = "csharp-prep", "csharp-prep", "{9B9650F9-702B-4C7F-8C2A-8F511743A69A}"
EndProject
Project("{9A19103F-16F7-4668-BE54-9A1E7A4F7556}") = "Prep1", "csharp-prep\Prep1\Prep1.csproj", "{038E42D4-608E-445D-9975-CF5CE452EB4C}"
EndProject
Project("{9A19103F-16F7-4668-BE54-9A1E7A4F7556}") = "Prep5", "csharp-prep\Prep5\Prep5.csproj", "{2F991D63-AA07-47EF-8719-499159A72A32}"
EndProject
Project("{9A19103F-16F7-4668-BE54-9A1E7A4F7556}") = "Prep2", "csharp-prep\Prep2\Prep2.csproj", "{871FEC2B-7E19-4AB4-AB3E-778083ABA87B}"
EndProject
Project("{9A19103F-16F7-4668-BE54-9A1E7A4F7556}") = "Prep3", "csharp-prep\Prep3\Prep3.csproj", "{DCE1C68F-241D-477C-8299-95E5B90BD120}"
EndProject
Project("{9A19103F-16F7-4668-BE54-9A1E7A4F7556}") = "Prep4", "csharp-prep\Prep4\Prep4.csproj", "{958C12AA-75C1-465D-AEC6-44C3AAE189FA}"
EndProject
Global
	GlobalSection(SolutionConfigurationPlatforms) = preSolution
		Debug|Any CPU = Debug|Any CPU
		Release|Any CPU = Release|Any CPU
	EndGlobalSection
	GlobalSection(ProjectConfigurationPlatforms) = postSolution
		{27C2A4E1-B180-4E9C-83BA-6737A2533F18}.Debug|Any CPU.ActiveCfg = Debug|Any CPU
		{27C2A4E1-B180-4E9C-83BA-6737A2533F18}.Debug|Any CPU.Build.0 = Debug|Any CPU
		{27C2A4E1-B180-4E9C-83BA-6737A2533F18}.Release|Any CPU.ActiveCfg = Release|Any CPU
		{27C2A4E1-B180-4E9C-83BA-6737A2533F18}.Release|Any CPU.Build.0 = Release|Any CPU
		{BBC58E0A-5AD5-42F8-BAAA-A7945D05B59D}.Debug|Any CPU.ActiveCfg = Debug|Any CPU
		{BBC58E0A-5AD5-42F8-BAAA-A7945D05B59D}.Debug|Any CPU.Build.0 = Debug|Any CPU
		{BBC58E0A-5AD5-42F8-BAAA-A7945D05B59D}.Release|Any CPU.ActiveCfg = Release|Any CPU
		{BBC58E0A-5AD5-42F8-BAAA-A7945D05B59D}.Release|Any CPU.Build.0 = Release|Any CPU
		{2DA67D4E-DDB5-456A-8B30-85AAE32A5F1A}.Debug|Any CPU.ActiveCfg = Debug|Any CPU
		{2DA67D4E-DDB5-456A-8B30-85AAE32A5F1A}.Debug|Any CPU.Build.0 = Debug|Any CPU
		{2DA67D4E-DDB5-456A-8B30-85AAE32A5F1A}.Release|Any CPU.ActiveCfg = Release|Any CPU
		{2DA67D4E-DDB5-456A-8B30-85AAE32A5F1A}.Release|Any CPU.Build.0 = Release|Any CPU
		{D7C2EF08-6001-4E12-864D-589F1F00FD87}.Debug|Any CPU.ActiveCfg = Debug|Any CPU
		{D7C2EF08-6001-4E12-864D-589F1F00FD87}.Debug|Any CPU.Build.0 = Debug|Any CPU
		{D7C2EF08-6001-4E12-864D-589F1F00FD87}.Release|Any CPU.ActiveCfg = Release|Any CPU
		{D7C2EF08-6001-4E12-864D-589F1F00FD87}.Release|Any CPU.Build.0 = Release|Any CPU
		{0C5D177F-EA30-4C21-831E-9E382102E01C}.Debug|Any CPU.ActiveCfg = Debug|Any CPU
		{0C5D177F-EA30-4C21-831E-9E382102E01C}.Debug|Any CPU.Build.0 = Debug|Any CPU
		{0C5D177F-EA30-4C21-831E-9E382102E01C}.Release|Any CPU.ActiveCfg = Release|Any CPU
		{0C5D177F-EA30-4C21-831E-9E382102E01C}.Release|Any CPU.Build.0 = Release|Any CPU
		{1FA2DE29-556B-4A84-9A3C-167FD50F74C2}.Debug|Any CPU.ActiveCfg = Debug|Any CPU
		{1FA2DE29-556B-4A84-9A3C-167FD50F74C2}.Debug|Any CPU.Build.0 = Debug|Any CPU
		{1FA2DE29-556B-4A84-9A3C-167FD50F74C2}.Release|Any CPU.ActiveCfg = Release|Any CPU
		{1FA2DE29-556B-4A84-9A3C-167FD50F74C2}.Release|Any CPU.Build.0 = Release|Any CPU
		{83A7F0C4-3EF6-4452-BEF0-23D83FAD88B5}.Debug|Any CPU.ActiveCfg = Debug|Any CPU
		{83A7F0C4-3EF6-4452-BEF0-23D83FAD88B5}.Debug|Any CPU.Build.0 = Debug|Any CPU
		{83A7F0C4-3EF6-4452-BEF0-23D83FAD88B5}.Release|Any CPU.ActiveCfg = Release|Any CPU
		{83A7F0C4-3EF6-4452-BEF0-23D83FAD88B5}.Release|Any CPU.Build.0 = Release|Any CPU
		{452178BE-6615-4C08-83D6-6AF9DB4D8162}.Debug|Any CPU.ActiveCfg = Debug|Any CPU
		{452178BE-6615-4C08-83D6-6AF9DB4D8162}.Debug|Any CPU.Build.0 = Debug|Any CPU
		{452178BE-6615-4C08-83D6-6AF9DB4D8162}.Release|Any CPU.ActiveCfg = Release|Any CPU
		{452178BE-6615-4C08-83D6-6AF9DB4D8162}.Release|Any CPU.Build.0 = Release|Any CPU
		{425E3781-CD39-41A5-AB06-079627015DD0}.Debug|Any CPU.ActiveCfg = Debug|Any CPU
		{425E3781-CD39-41A5-AB06-079627015DD0}.Debug|Any CPU.Build.0 = Debug|Any CPU
		{425E3781-CD39-41A5-AB06-079627015DD0}.Release|Any CPU.ActiveCfg = Release|Any CPU
		{425E3781-CD39-41A5-AB06-079627015DD0}.Release|Any CPU.Build.0 = Release|Any CPU
		{1221D6AA-87F8-4E70-A3F7-EC1EE79460E6}.Debug|Any CPU.ActiveCfg = Debug|Any CPU
		{1221D6AA-87F8-4E70-A3F7-EC1EE79460E6}.Debug|Any CPU.Build.0 = Debug|Any CPU
		{1221D6AA-87F8-4E70-A3F7-EC1EE79460E6}.Release|Any CPU.ActiveCfg = Release|Any CPU
		{1221D6AA-87F8-4E70-A3F7-EC1EE79460E6}.Release|Any CPU.Build.0 = Release|Any CPU
		{87C3C440-33AD-4C4D-AA1C-EC6B98D55925}.Debug|Any CPU.ActiveCfg = Debug|Any CPU
		{87C3C440-33AD-4C4D-AA1C-EC6B98D55925}.Debug|Any CPU.Build.0 = Debug|Any CPU
		{87C3C440-33AD-4C4D-AA1C-EC6B98D55925}.Release|Any CPU.ActiveCfg = Release|Any CPU
		{87C3C440-33AD-4C4D-AA1C-EC6B98D55925}.Release|Any CPU.Build.0 = Release|Any CPU
		{7402258A-8DCC-4A06-A523-5494B4D262D6}.Debug|Any CPU.ActiveCfg = Debug|Any CPU
		{7402258A-8DCC-4A06-A523-5494B4D262D6}.Debug|Any CPU.Build.0 = Debug|Any CPU
		{7402258A-8DCC-4A06-A523-5494B4D262D6}.Release|Any CPU.ActiveCfg = Release|Any CPU
		{7402258A-8DCC-4A06-A523-5494B4D262D6}.Release|Any CPU.Build.0 = Release|Any CPU
		{BEE2193D-9FFF-4129-B79F-6F52473411F6}.Debug|Any CPU.ActiveCfg = Debug|Any CPU
		{BEE2193D-9FFF-4129-B79F-6F52473411F6}.Debug|Any CPU.Build.0 = Debug|Any CPU
		{BEE2193D-9FFF-4129-B79F-6F52473411F6}.Release|Any CPU.ActiveCfg = Release|Any CPU
		{BEE2193D-9FFF-4129-B79F-6F52473411F6}.Release|Any CPU.Build.0 = Release|Any CPU
		{8D7189E4-E81C-455B-8EE8-1A1FE680B186}.Debug|Any CPU.ActiveCfg = Debug|Any CPU
		{8D7189E4-E81C-455B-8EE8-1A1FE680B186}.Debug|Any CPU.Build.0 = Debug|Any CPU
		{8D7189E4-E81C-455B-8EE8-1A1FE680B186}.Release|Any CPU.ActiveCfg = Release|Any CPU
		{8D7189E4-E81C-455B-8EE8-1A1FE680B186}.Release|Any CPU.Build.0 = Release|Any CPU
		{038E42D4-608E-445D-9975-CF5CE452EB4C}.Debug|Any CPU.ActiveCfg = Debug|Any CPU
		{038E42D4-608E-445D-9975-CF5CE452EB4C}.Debug|Any CPU.Build.0 = Debug|Any CPU
		{038E42D4-608E-445D-9975-CF5CE452EB4C}.Release|Any CPU.ActiveCfg = Release|Any CPU
		{038E42D4-608E-445D-9975-CF5CE452EB4C}.Release|Any CPU.Build.0 = Release|Any CPU
		{2F991D63-AA07-47EF-8719-499159A72A32}.Debug|Any CPU.ActiveCfg = Debug|Any CPU
		{2F991D63-AA07-47EF-8719-499159A72A32}.Debug|Any CPU.Build.0 = Debug|Any CPU
		{2F991D63-AA07-47EF-8719-499159A72A32}.Release|Any CPU.ActiveCfg = Release|Any CPU
		{2F991D63-AA07-47EF-8719-499159A72A32}.Release|Any CPU.Build.0 = Release|Any CPU
		{871FEC2B-7E19-4AB4-AB3E-778083ABA87B}.Debug|Any CPU.ActiveCfg = Debug|Any CPU
		{871FEC2B-7E19-4AB4-AB3E-778083ABA87B}.Debug|Any CPU.Build.0 = Debug|Any CPU
		{871FEC2B-7E19-4AB4-AB3E-778083ABA87B}.Release|Any CPU.ActiveCfg = Release|Any CPU
		{871FEC2B-7E19-4AB4-AB3E-778083ABA87B}.Release|Any CPU.Build.0 = Release|Any CPU
		{DCE1C68F-241D-477C-8299-95E5B90BD120}.Debug|Any CPU.ActiveCfg = Debug|Any CPU
		{DCE1C68F-241D-477C-8299-95E5B90BD120}.Debug|Any CPU.Build.0 = Debug|Any CPU
		{DCE1C68F-241D-477C-8299-95E5B90BD120}.Release|Any CPU.ActiveCfg = Release|Any CPU
		{DCE1C68F-241D-477C-8299-95E5B90BD120}.Release|Any CPU.Build.0 = Release|Any CPU
		{958C12AA-75C1-465D-AEC6-44C3AAE189FA}.Debug|Any CPU.ActiveCfg = Debug|Any CPU
		{958C12AA-75C1-465D-AEC6-44C3AAE189FA}.Debug|Any CPU.Build.0 = Debug|Any CPU
		{958C12AA-75C1-465D-AEC6-44C3AAE189FA}.Release|Any CPU.ActiveCfg = Release|Any CPU
		{958C12AA-75C1-465D-AEC6-44C3AAE189FA}.Release|Any CPU.Build.0 = Release|Any CPU
	EndGlobalSection
	GlobalSection(SolutionProperties) = preSolution
		HideSolutionNode = FALSE
	EndGlobalSection
	GlobalSection(NestedProjects) = preSolution
		{27C2A4E1-B180-4E9C-83BA-6737A2533F18} = {A6906656-94D9-4015-A66C-D860C8DF35DE}
		{BBC58E0A-5AD5-42F8-BAAA-A7945D05B59D} = {A6906656-94D9-4015-A66C-D860C8DF35DE}
		{2DA67D4E-DDB5-456A-8B30-85AAE32A5F1A} = {A6906656-94D9-4015-A66C-D860C8DF35DE}
		{D7C2EF08-6001-4E12-864D-589F1F00FD87} = {A6906656-94D9-4015-A66C-D860C8DF35DE}
		{0C5D177F-EA30-4C21-831E-9E382102E01C} = {1CB599DF-E070-42F3-8F61-31E3FF1D0D3C}
		{1FA2DE29-556B-4A84-9A3C-167FD50F74C2} = {1CB599DF-E070-42F3-8F61-31E3FF1D0D3C}
		{83A7F0C4-3EF6-4452-BEF0-23D83FAD88B5} = {1CB599DF-E070-42F3-8F61-31E3FF1D0D3C}
		{452178BE-6615-4C08-83D6-6AF9DB4D8162} = {1CB599DF-E070-42F3-8F61-31E3FF1D0D3C}
		{425E3781-CD39-41A5-AB06-079627015DD0} = {36A277E7-5904-4D30-B305-3CE9E646A83A}
		{1221D6AA-87F8-4E70-A3F7-EC1EE79460E6} = {2998D04F-8BE6-4F91-83F5-66D473A6D9E5}
		{87C3C440-33AD-4C4D-AA1C-EC6B98D55925} = {2998D04F-8BE6-4F91-83F5-66D473A6D9E5}
		{7402258A-8DCC-4A06-A523-5494B4D262D6} = {2998D04F-8BE6-4F91-83F5-66D473A6D9E5}
		{BEE2193D-9FFF-4129-B79F-6F52473411F6} = {2998D04F-8BE6-4F91-83F5-66D473A6D9E5}
		{8D7189E4-E81C-455B-8EE8-1A1FE680B186} = {2998D04F-8BE6-4F91-83F5-66D473A6D9E5}
		{038E42D4-608E-445D-9975-CF5CE452EB4C} = {9B9650F9-702B-4C7F-8C2A-8F511743A69A}
		{2F991D63-AA07-47EF-8719-499159A72A32} = {9B9650F9-702B-4C7F-8C2A-8F511743A69A}
		{871FEC2B-7E19-4AB4-AB3E-778083ABA87B} = {9B9650F9-702B-4C7F-8C2A-8F511743A69A}
		{DCE1C68F-241D-477C-8299-95E5B90BD120} = {9B9650F9-702B-4C7F-8C2A-8F511743A69A}
		{958C12AA-75C1-465D-AEC6-44C3AAE189FA} = {9B9650F9-702B-4C7F-8C2A-8F511743A69A}
	EndGlobalSection
	GlobalSection(ExtensibilityGlobals) = postSolution
		SolutionGuid = {A278BAFE-B8A7-489A-A6FA-E2E4656C4EB0}
	EndGlobalSection
EndGlobal
